{
    "_meta": {
        "hash": {
            "sha256": "172b19a6341b2a0e2ab654a7198091a7a146590ff652e47eea60fb5d4c53375d"
        },
        "pipfile-spec": 6,
        "requires": {
            "python_version": "3.10"
        },
        "sources": [
            {
                "name": "pypi",
                "url": "https://pypi.org/simple",
                "verify_ssl": true
            }
        ]
    },
    "default": {
        "boto3": {
            "hashes": [
                "sha256:3b0fa19390895e664045713f2e47e63ad29c9f98b7bee6836dec7124953e48b8",
                "sha256:9feb98e045736f943c2099d955415cfe44133e03d8e2d7581d2e5dc74d0ed064"
            ],
            "index": "pypi",
            "version": "==1.26.1"
        },
        "botocore": {
            "hashes": [
                "sha256:8a8c28dc22c241faae7ed09a67481e82972c4d632020b99598a8e81e8e07ae6b",
                "sha256:e170dd237b976fe9d9ae8d8bea7248dbc6d3664ed5fc142f59b41c2078e9220f"
            ],
            "markers": "python_version >= '3.7'",
            "version": "==1.29.2"
        },
        "certifi": {
            "hashes": [
                "sha256:0d9c601124e5a6ba9712dbc60d9c53c21e34f5f641fe83002317394311bdce14",
                "sha256:90c1a32f1d68f940488354e36370f6cca89f0f106db09518524c88d6ed83f382"
            ],
            "markers": "python_full_version >= '3.6.0'",
            "version": "==2022.9.24"
        },
        "charset-normalizer": {
            "hashes": [
                "sha256:5a3d016c7c547f69d6f81fb0db9449ce888b418b5b9952cc5e6e66843e9dd845",
                "sha256:83e9a75d1911279afd89352c68b45348559d1fc0506b054b346651b5e7fee29f"
            ],
            "markers": "python_full_version >= '3.6.0'",
            "version": "==2.1.1"
        },
        "idna": {
            "hashes": [
                "sha256:814f528e8dead7d329833b91c5faa87d60bf71824cd12a7530b5526063d02cb4",
                "sha256:90b77e79eaa3eba6de819a0c442c0b4ceefc341a7a2ab77d7562bf49f425c5c2"
            ],
            "markers": "python_version >= '3.5'",
            "version": "==3.4"
        },
        "jmespath": {
            "hashes": [
                "sha256:02e2e4cc71b5bcab88332eebf907519190dd9e6e82107fa7f83b1003a6252980",
                "sha256:90261b206d6defd58fdd5e85f478bf633a2901798906be2ad389150c5c60edbe"
            ],
            "markers": "python_version >= '3.7'",
            "version": "==1.0.1"
        },
        "python-dateutil": {
            "hashes": [
                "sha256:0123cacc1627ae19ddf3c27a5de5bd67ee4586fbdd6440d9748f8abb483d3e86",
                "sha256:961d03dc3453ebbc59dbdea9e4e11c5651520a876d0f4db161e8674aae935da9"
            ],
            "markers": "python_version >= '2.7' and python_version not in '3.0, 3.1, 3.2, 3.3'",
            "version": "==2.8.2"
        },
        "requests": {
            "hashes": [
                "sha256:7c5599b102feddaa661c826c56ab4fee28bfd17f5abca1ebbe3e7f19d7c97983",
                "sha256:8fefa2a1a1365bf5520aac41836fbee479da67864514bdb821f31ce07ce65349"
            ],
            "index": "pypi",
            "version": "==2.28.1"
        },
        "s3transfer": {
            "hashes": [
                "sha256:06176b74f3a15f61f1b4f25a1fc29a4429040b7647133a463da8fa5bd28d5ecd",
                "sha256:2ed07d3866f523cc561bf4a00fc5535827981b117dd7876f036b0c1aca42c947"
            ],
            "markers": "python_version >= '3.7'",
            "version": "==0.6.0"
        },
        "six": {
            "hashes": [
                "sha256:1e61c37477a1626458e36f7b1d82aa5c9b094fa4802892072e49de9c60c4c926",
                "sha256:8abb2f1d86890a2dfb989f9a77cfcfd3e47c2a354b01111771326f8aa26e0254"
            ],
            "markers": "python_version >= '2.7' and python_version not in '3.0, 3.1, 3.2, 3.3'",
            "version": "==1.16.0"
        },
        "urllib3": {
            "hashes": [
                "sha256:3fa96cf423e6987997fc326ae8df396db2a8b7c667747d47ddd8ecba91f4a74e",
                "sha256:b930dd878d5a8afb066a637fbb35144fe7901e3b209d1cd4f524bd0e9deee997"
            ],
            "markers": "python_version >= '2.7' and python_version not in '3.0, 3.1, 3.2, 3.3, 3.4, 3.5' and python_version < '4'",
            "version": "==1.26.12"
        }
    },
    "develop": {
        "attrs": {
            "hashes": [
                "sha256:29adc2665447e5191d0e7c568fde78b21f9672d344281d0c6e1ab085429b22b6",
                "sha256:86efa402f67bf2df34f51a335487cf46b1ec130d02b8d39fd248abfd30da551c"
            ],
            "markers": "python_version >= '3.5'",
            "version": "==22.1.0"
        },
        "boto3-stubs": {
            "extras": [
                "essential"
            ],
            "hashes": [
                "sha256:125122e2ba484a0ce8b3670207ce6c973a0d57170ced7c5312b500b0ac680549",
                "sha256:1979feebd0934a8a7ddf934e1603278e16301492999189d1e4e1bd4690c90c96"
            ],
            "index": "pypi",
            "version": "==1.26.2"
        },
        "botocore-stubs": {
            "hashes": [
                "sha256:0008cd0d10eb851dee1b7b724f0ddf914bf17367e9df8c4c5a641e67f5ddceff",
                "sha256:ec1e8bae469e1cb5fc243a5fcccbd6fcb4c044d1ba9613716298099e53d579a0"
            ],
            "markers": "python_version >= '3.7' and python_version < '4'",
            "version": "==1.29.2"
        },
        "certifi": {
            "hashes": [
                "sha256:0d9c601124e5a6ba9712dbc60d9c53c21e34f5f641fe83002317394311bdce14",
                "sha256:90c1a32f1d68f940488354e36370f6cca89f0f106db09518524c88d6ed83f382"
            ],
            "markers": "python_full_version >= '3.6.0'",
            "version": "==2022.9.24"
        },
        "charset-normalizer": {
            "hashes": [
                "sha256:5a3d016c7c547f69d6f81fb0db9449ce888b418b5b9952cc5e6e66843e9dd845",
                "sha256:83e9a75d1911279afd89352c68b45348559d1fc0506b054b346651b5e7fee29f"
            ],
            "markers": "python_full_version >= '3.6.0'",
            "version": "==2.1.1"
        },
        "exceptiongroup": {
            "hashes": [
                "sha256:2ac84b496be68464a2da60da518af3785fff8b7ec0d090a581604bc870bdee41",
                "sha256:affbabf13fb6e98988c38d9c5650e701569fe3c1de3233cfb61c5f33774690ad"
            ],
            "markers": "python_version < '3.11'",
            "version": "==1.0.0"
        },
        "idna": {
            "hashes": [
                "sha256:814f528e8dead7d329833b91c5faa87d60bf71824cd12a7530b5526063d02cb4",
                "sha256:90b77e79eaa3eba6de819a0c442c0b4ceefc341a7a2ab77d7562bf49f425c5c2"
            ],
            "markers": "python_version >= '3.5'",
            "version": "==3.4"
        },
        "iniconfig": {
            "hashes": [
                "sha256:011e24c64b7f47f6ebd835bb12a743f2fbe9a26d4cecaa7f53bc4f35ee9da8b3",
                "sha256:bc3af051d7d14b2ee5ef9969666def0cd1a000e121eaea580d4a313df4b37f32"
            ],
            "version": "==1.1.1"
        },
        "mypy-boto3-cloudformation": {
            "hashes": [
                "sha256:9e8dce3149c5f5dee5ab05850ec9cae0925abb9da3aa63397b098219709db077",
                "sha256:e0dd01030209b77c3159a299a04a5c6353a6feb0dd49bff9f5acec9e0274264c"
            ],
            "version": "==1.26.0.post1"
        },
        "mypy-boto3-dynamodb": {
            "hashes": [
                "sha256:731141ff962033b77603a8a02626d64eb8575a0070e865aff31fe7443e4be6e3",
                "sha256:abe06c4c819ef2faa4b2f5cea127549f4c50e83a9869be80c9e77893f682a11b"
            ],
            "version": "==1.26.0.post1"
        },
        "mypy-boto3-ec2": {
            "hashes": [
                "sha256:9753f27df66829a69c7be6b9cdbf8b3c557608015183028ad57bd4191b91146a",
                "sha256:d08ec4ee63d605728d2d5271f1e561edec9b989fb171536289e0e4383ccb9965"
            ],
            "version": "==1.26.0.post1"
        },
        "mypy-boto3-lambda": {
            "hashes": [
                "sha256:3e6dedf959aa13fc58e6721d56c93f91068c468659b3d0e22580830f3b39aebc",
                "sha256:c198f5a3749c945cb66eecaf225657d9e4ac23d825ca923827df8f771fab91c4"
            ],
            "version": "==1.26.0.post1"
        },
        "mypy-boto3-rds": {
            "hashes": [
                "sha256:39e65e62668ec33f06b4c15da14977892ea9c5f403b75edc743c8322527ca562",
                "sha256:aa81d7cbd92ce0a5da8b0d879f674c31e83a43b43d101fae4990db469af683f5"
            ],
            "version": "==1.26.0.post1"
        },
        "mypy-boto3-s3": {
            "hashes": [
                "sha256:6d7079f8c739dc993cbedad0736299c413b297814b73795a3855a79169ecc938",
                "sha256:7de2792ff0cc541b84cd46ff3a6aa2b6e5f267217f2203f27f6e4016bddc644d"
            ],
            "version": "==1.26.0.post1"
        },
        "mypy-boto3-sqs": {
            "hashes": [
                "sha256:6caead4c906ac4956eebdfeeaa1e08f9df03929a0cefac06122ca88bd7766610",
                "sha256:72e5dcb12731d83f235f9cf282bf8d87d6757b5e0fda1068726772806ca6f0cc"
            ],
            "version": "==1.26.0.post1"
        },
        "packaging": {
            "hashes": [
                "sha256:dd47c42927d89ab911e606518907cc2d3a1f38bbd026385970643f9c5b8ecfeb",
                "sha256:ef103e05f519cdc783ae24ea4e2e0f508a9c99b2d4969652eed6a2e1ea5bd522"
            ],
            "markers": "python_version >= '3.6'",
            "version": "==21.3"
        },
        "pluggy": {
            "hashes": [
                "sha256:4224373bacce55f955a878bf9cfa763c1e360858e330072059e10bad68531159",
                "sha256:74134bbf457f031a36d68416e1509f34bd5ccc019f0bcc952c7b909d06b37bd3"
            ],
            "markers": "python_version >= '3.6'",
            "version": "==1.0.0"
        },
        "pyparsing": {
            "hashes": [
                "sha256:2b020ecf7d21b687f219b71ecad3631f644a47f01403fa1d1036b0c6416d70fb",
                "sha256:5026bae9a10eeaefb61dab2f09052b9f4307d44aee4eda64b309723d8d206bbc"
            ],
            "markers": "python_full_version >= '3.6.8'",
            "version": "==3.0.9"
        },
        "pytest": {
            "hashes": [
                "sha256:892f933d339f068883b6fd5a459f03d85bfcb355e4981e146d2c7616c21fef71",
                "sha256:c4014eb40e10f11f355ad4e3c2fb2c6c6d1919c73f3b5a433de4708202cade59"
            ],
            "index": "pypi",
            "version": "==7.2.0"
        },
        "requests": {
            "hashes": [
                "sha256:7c5599b102feddaa661c826c56ab4fee28bfd17f5abca1ebbe3e7f19d7c97983",
                "sha256:8fefa2a1a1365bf5520aac41836fbee479da67864514bdb821f31ce07ce65349"
            ],
            "index": "pypi",
            "version": "==2.28.1"
        },
        "responses": {
            "hashes": [
                "sha256:396acb2a13d25297789a5866b4881cf4e46ffd49cc26c43ab1117f40b973102e",
                "sha256:dcf294d204d14c436fddcc74caefdbc5764795a40ff4e6a7740ed8ddbf3294be"
            ],
            "index": "pypi",
            "version": "==0.22.0"
        },
        "toml": {
            "hashes": [
                "sha256:806143ae5bfb6a3c6e736a764057db0e6a0e05e338b5630894a5f779cabb4f9b",
                "sha256:b3bda1d108d5dd99f4a20d24d9c348e91c4db7ab1b749200bded2f839ccbe68f"
            ],
            "markers": "python_version >= '2.6' and python_version not in '3.0, 3.1, 3.2, 3.3'",
            "version": "==0.10.2"
        },
        "tomli": {
            "hashes": [
                "sha256:939de3e7a6161af0c887ef91b7d41a53e7c5a1ca976325f429cb46ea9bc30ecc",
                "sha256:de526c12914f0c550d15924c62d72abc48d6fe7364aa87328337a31007fe8a4f"
            ],
            "markers": "python_version < '3.11'",
            "version": "==2.0.1"
        },
        "types-awscrt": {
            "hashes": [
                "sha256:0f1a233ab54fd51c7cbaa3265e73680c9568263cc67ed706093cb77b3bdef9ac",
                "sha256:9ad0dd32ee2d4d8169222c134d2383a72857bd5c2b796c69e447530ad8a3b574"
            ],
            "markers": "python_version >= '3.7' and python_version < '4'",
            "version": "==0.15.2"
        },
        "types-s3transfer": {
            "hashes": [
                "sha256:0c45331bfd0db210f5043efd2bc3ecd4b3482a02c28faea33edf719b6be38431",
                "sha256:78f9ea029fedc97e1a5d323edd149a827d4ab361d11cd92bb1b5f235ff84ba72"
            ],
            "markers": "python_version >= '3.7' and python_version < '4'",
            "version": "==0.6.0.post4"
        },
        "types-toml": {
            "hashes": [
                "sha256:8300fd093e5829eb9c1fba69cee38130347d4b74ddf32d0a7df650ae55c2b599",
                "sha256:b7e7ea572308b1030dc86c3ba825c5210814c2825612ec679eb7814f8dd9295a"
            ],
            "version": "==0.10.8"
        },
        "typing-extensions": {
            "hashes": [
                "sha256:1511434bb92bf8dd198c12b1cc812e800d4181cfcb867674e0f8279cc93087aa",
                "sha256:16fa4864408f655d35ec496218b85f79b3437c829e93320c7c9215ccfd92489e"
            ],
            "markers": "python_version >= '3.7'",
            "version": "==4.4.0"
        },
        "urllib3": {
            "hashes": [
                "sha256:3fa96cf423e6987997fc326ae8df396db2a8b7c667747d47ddd8ecba91f4a74e",
                "sha256:b930dd878d5a8afb066a637fbb35144fe7901e3b209d1cd4f524bd0e9deee997"
            ],
            "markers": "python_version >= '2.7' and python_version not in '3.0, 3.1, 3.2, 3.3, 3.4, 3.5' and python_version < '4'",
            "version": "==1.26.12"
        }
    }
}
